Microsoft Visual Studio Solution File, Format Version 12.00
# Visual Studio Version 17
VisualStudioVersion = 17.5.2.0
MinimumVisualStudioVersion = 10.0.40219.1
Project("{2150E333-8FDC-42A3-9474-1A3956D46DE8}") = "backend", "backend", "{1AE8ACA6-933B-BF2A-3671-3E2EAC007D16}"
EndProject
Project("{FAE04EC0-301F-11D3-BF4B-00C04F79EFBC}") = "HomeHub.Api", "backend\HomeHub.Api\HomeHub.Api.csproj", "{D189B644-50F2-D24C-7D4D-29C12C2CD9EC}"
EndProject
Global
	GlobalSection(SolutionConfigurationPlatforms) = preSolution
		Debug|Any CPU = Debug|Any CPU
		Release|Any CPU = Release|Any CPU
	EndGlobalSection
	GlobalSection(ProjectConfigurationPlatforms) = postSolution
		{D189B644-50F2-D24C-7D4D-29C12C2CD9EC}.Debug|Any CPU.ActiveCfg = Debug|Any CPU
		{D189B644-50F2-D24C-7D4D-29C12C2CD9EC}.Debug|Any CPU.Build.0 = Debug|Any CPU
		{D189B644-50F2-D24C-7D4D-29C12C2CD9EC}.Release|Any CPU.ActiveCfg = Release|Any CPU
		{D189B644-50F2-D24C-7D4D-29C12C2CD9EC}.Release|Any CPU.Build.0 = Release|Any CPU
	EndGlobalSection
	GlobalSection(SolutionProperties) = preSolution
		HideSolutionNode = FALSE
	EndGlobalSection
	GlobalSection(NestedProjects) = preSolution
		{D189B644-50F2-D24C-7D4D-29C12C2CD9EC} = {1AE8ACA6-933B-BF2A-3671-3E2EAC007D16}
	EndGlobalSection
	GlobalSection(ExtensibilityGlobals) = postSolution
		SolutionGuid = {BBB27A59-2FA4-457B-9309-115BB6B9A058}
	EndGlobalSection
EndGlobal
