Microsoft Visual Studio Solution File, Format Version 12.00
# Visual Studio Version 17
VisualStudioVersion = 17.5.2.0
MinimumVisualStudioVersion = 10.0.40219.1
Project("{FAE04EC0-301F-11D3-BF4B-00C04F79EFBC}") = "HomeHub.Api", "HomeHub.Api.csproj", "{DB8C3110-0D27-3225-BD5C-77B8D6112C45}"
EndProject
Global
	GlobalSection(SolutionConfigurationPlatforms) = preSolution
		Debug|Any CPU = Debug|Any CPU
		Release|Any CPU = Release|Any CPU
	EndGlobalSection
	GlobalSection(ProjectConfigurationPlatforms) = postSolution
		{DB8C3110-0D27-3225-BD5C-77B8D6112C45}.Debug|Any CPU.ActiveCfg = Debug|Any CPU
		{DB8C3110-0D27-3225-BD5C-77B8D6112C45}.Debug|Any CPU.Build.0 = Debug|Any CPU
		{DB8C3110-0D27-3225-BD5C-77B8D6112C45}.Release|Any CPU.ActiveCfg = Release|Any CPU
		{DB8C3110-0D27-3225-BD5C-77B8D6112C45}.Release|Any CPU.Build.0 = Release|Any CPU
	EndGlobalSection
	GlobalSection(SolutionProperties) = preSolution
		HideSolutionNode = FALSE
	EndGlobalSection
	GlobalSection(ExtensibilityGlobals) = postSolution
		SolutionGuid = {0B8E603A-EDB0-4F77-BF00-94C8C9DE653A}
	EndGlobalSection
EndGlobal
